<?xml version="1.0" encoding="utf-8"?>
<Project ToolsVersion="4.0" xmlns="http://schemas.microsoft.com/developer/msbuild/2003">
  <ItemGroup>
    <Filter Include="Resource Files">
      <UniqueIdentifier>{67DA6AB6-F800-4c08-8B7A-83BB121AAD01}</UniqueIdentifier>
      <Extensions>rc;ico;cur;bmp;dlg;rc2;rct;bin;rgs;gif;jpg;jpeg;jpe;resx;tiff;tif;png;wav;mfcribbon-ms</Extensions>
    </Filter>
    <Filter Include="MarketChecker">
      <UniqueIdentifier>{b3b262f6-d1c3-4821-be8b-2fb26d1139e8}</UniqueIdentifier>
    </Filter>
    <Filter Include="Forms">
      <UniqueIdentifier>{de2ce4b1-b8c9-4666-a243-763959d459f6}</UniqueIdentifier>
    </Filter>
  </ItemGroup>
  <ItemGroup>
    <ClCompile Include="Forms\SearchForm.cpp">
      <Filter>Forms</Filter>
    </ClCompile>
    <ClCompile Include="Forms\ShoppingListForm.cpp">
      <Filter>Forms</Filter>
    </ClCompile>
  </ItemGroup>
  <ItemGroup>
    <ClInclude Include="Forms\SearchForm.h">
      <Filter>Forms</Filter>
    </ClInclude>
    <ClInclude Include="Forms\ShoppingListForm.h">
      <Filter>Forms</Filter>
    </ClInclude>
  </ItemGroup>
</Project>